
Microsoft Visual Studio Solution File, Format Version 12.00
# Visual Studio Version 17
VisualStudioVersion = 17.11.35312.102
MinimumVisualStudioVersion = 10.0.40219.1
Project("{FAE04EC0-301F-11D3-BF4B-00C04F79EFBC}") = "ProductCatalogAPI", "ProductCatalogAPI\ProductCatalogAPI.csproj", "{5F23BE3B-77BD-49FB-B7C7-3F546DCC33E2}"
EndProject
Global
	GlobalSection(SolutionConfigurationPlatforms) = preSolution
		Debug|Any CPU = Debug|Any CPU
		Release|Any CPU = Release|Any CPU
	EndGlobalSection
	GlobalSection(ProjectConfigurationPlatforms) = postSolution
		{5F23BE3B-77BD-49FB-B7C7-3F546DCC33E2}.Debug|Any CPU.ActiveCfg = Debug|Any CPU
		{5F23BE3B-77BD-49FB-B7C7-3F546DCC33E2}.Debug|Any CPU.Build.0 = Debug|Any CPU
		{5F23BE3B-77BD-49FB-B7C7-3F546DCC33E2}.Release|Any CPU.ActiveCfg = Release|Any CPU
		{5F23BE3B-77BD-49FB-B7C7-3F546DCC33E2}.Release|Any CPU.Build.0 = Release|Any CPU
	EndGlobalSection
	GlobalSection(SolutionProperties) = preSolution
		HideSolutionNode = FALSE
	EndGlobalSection
	GlobalSection(ExtensibilityGlobals) = postSolution
		SolutionGuid = {7D34B4E1-9F64-4925-9831-C23E377B5F83}
	EndGlobalSection
EndGlobal
